{
  "name": "semaphile-account-fixture",
  "lockfileVersion": 3,
  "requires": true,
  "packages": {
    "": {
      "name": "semaphile-account-fixture",
      "dependencies": {
        "@opentelemetry/api": "1.9.1",
        "@semaphile/core": "file:../../releases/candidates/redis-messaging/0.3.0/800c8c53b8548250da6bf4a684bf796f1e9e1a73/semaphile-core-0.3.0.tgz",
        "@semaphile/messaging": "file:../../releases/candidates/redis-messaging/0.3.0/800c8c53b8548250da6bf4a684bf796f1e9e1a73/semaphile-messaging-0.3.0.tgz",
        "@semaphile/otel": "file:../../releases/candidates/redis-messaging/0.3.0/800c8c53b8548250da6bf4a684bf796f1e9e1a73/semaphile-otel-0.3.0.tgz",
        "@semaphile/redis": "file:../../releases/candidates/redis-messaging/0.3.0/800c8c53b8548250da6bf4a684bf796f1e9e1a73/semaphile-redis-0.3.0.tgz"
      }
    },
    "node_modules/@opentelemetry/api": {
      "version": "1.9.1",
      "resolved": "https://registry.npmjs.org/@opentelemetry/api/-/api-1.9.1.tgz",
      "integrity": "sha512-gLyJlPHPZYdAk1JENA9LeHejZe1Ti77/pTeFm/nMXmQH/HFZlcS/O2XJB+L8fkbrNSqhdtlvjBVjxwUYanNH5Q==",
      "license": "Apache-2.0",
      "engines": {
        "node": ">=8.0.0"
      }
    },
    "node_modules/@opentelemetry/api-logs": {
      "version": "0.222.0",
      "resolved": "https://registry.npmjs.org/@opentelemetry/api-logs/-/api-logs-0.222.0.tgz",
      "integrity": "sha512-9mb1If+IF6u0ZVXkHQ6ogEae5HwA6ajIVUgpSDQyRASxft6BSXHvBvPooRle3yFN/fKnCdSOnuu0OC3PLcF6+g==",
      "license": "Apache-2.0",
      "dependencies": {
        "@opentelemetry/api": "^1.3.0"
      },
      "engines": {
        "node": ">=8.0.0"
      }
    },
    "node_modules/@opentelemetry/context-async-hooks": {
      "version": "2.11.0",
      "resolved": "https://registry.npmjs.org/@opentelemetry/context-async-hooks/-/context-async-hooks-2.11.0.tgz",
      "integrity": "sha512-Tr79DyWI8itsBdg+jH+opjfrwLzX+erk1/ExkIwhWoAVjVrJIn2y5+cGjTC0Vy8fyNIA/y8wuJPZwr1T3xCZeQ==",
      "license": "Apache-2.0",
      "engines": {
        "node": "^18.19.0 || >=20.6.0"
      },
      "peerDependencies": {
        "@opentelemetry/api": ">=1.0.0 <1.10.0"
      }
    },
    "node_modules/@opentelemetry/core": {
      "version": "2.11.0",
      "resolved": "https://registry.npmjs.org/@opentelemetry/core/-/core-2.11.0.tgz",
      "integrity": "sha512-7YP44XH0tV6+Mb54x2YGf84i7yi+31MBZlE8JwvozkxyTvXbSp10X7cI7YE49ChJ3shMJoBmCJF3+1QFBJctGA==",
      "license": "Apache-2.0",
      "dependencies": {
        "@opentelemetry/semantic-conventions": "^1.29.0"
      },
      "engines": {
        "node": "^18.19.0 || >=20.6.0"
      },
      "peerDependencies": {
        "@opentelemetry/api": ">=1.0.0 <1.10.0"
      }
    },
    "node_modules/@opentelemetry/exporter-metrics-otlp-http": {
      "version": "0.222.0",
      "resolved": "https://registry.npmjs.org/@opentelemetry/exporter-metrics-otlp-http/-/exporter-metrics-otlp-http-0.222.0.tgz",
      "integrity": "sha512-6Ko+0bgNP6V4G/RsmNBSk5lO1B/lo9z6tvLpFY3ykPPevXNzFmOW3C9hEmTt0zKCvHovyrol3TYlg4HVb5gwjg==",
      "license": "Apache-2.0",
      "dependencies": {
        "@opentelemetry/core": "2.11.0",
        "@opentelemetry/otlp-exporter-base": "0.222.0",
        "@opentelemetry/otlp-transformer": "0.222.0",
        "@opentelemetry/resources": "2.11.0",
        "@opentelemetry/sdk-metrics": "2.11.0"
      },
      "engines": {
        "node": "^18.19.0 || >=20.6.0"
      },
      "peerDependencies": {
        "@opentelemetry/api": "^1.3.0"
      }
    },
    "node_modules/@opentelemetry/exporter-metrics-otlp-proto": {
      "version": "0.222.0",
      "resolved": "https://registry.npmjs.org/@opentelemetry/exporter-metrics-otlp-proto/-/exporter-metrics-otlp-proto-0.222.0.tgz",
      "integrity": "sha512-s1ZPwS8Ig7cpRmL3kCobPaFbemM81dJ03LNPrsuN32h3mCDvNF2NQ1pRHruOju0P0o1TZ24LkZA685rtQal1KA==",
      "license": "Apache-2.0",
      "dependencies": {
        "@opentelemetry/exporter-metrics-otlp-http": "0.222.0",
        "@opentelemetry/otlp-exporter-base": "0.222.0",
        "@opentelemetry/otlp-transformer": "0.222.0"
      },
      "engines": {
        "node": "^18.19.0 || >=20.6.0"
      },
      "peerDependencies": {
        "@opentelemetry/api": "^1.3.0"
      }
    },
    "node_modules/@opentelemetry/exporter-trace-otlp-proto": {
      "version": "0.222.0",
      "resolved": "https://registry.npmjs.org/@opentelemetry/exporter-trace-otlp-proto/-/exporter-trace-otlp-proto-0.222.0.tgz",
      "integrity": "sha512-imLrLzNhnABJt3tUyT63h6MqfZrG3Gdv3TE7+OUQTvwD088RfCUx3rF01lcgfu2KXBFk13vwi0yKZLvFEalkIA==",
      "license": "Apache-2.0",
      "dependencies": {
        "@opentelemetry/otlp-exporter-base": "0.222.0",
        "@opentelemetry/otlp-transformer": "0.222.0",
        "@opentelemetry/sdk-trace": "2.11.0"
      },
      "engines": {
        "node": "^18.19.0 || >=20.6.0"
      },
      "peerDependencies": {
        "@opentelemetry/api": "^1.3.0"
      }
    },
    "node_modules/@opentelemetry/otlp-exporter-base": {
      "version": "0.222.0",
      "resolved": "https://registry.npmjs.org/@opentelemetry/otlp-exporter-base/-/otlp-exporter-base-0.222.0.tgz",
      "integrity": "sha512-YbywG3veEm2Fb6TbdxRkuquWob6eVWXuA8/Ba1tXz9jHfUqpdE3keilOHEtPboC4CvS1bjeeVfNkWGOOrLj+lw==",
      "license": "Apache-2.0",
      "dependencies": {
        "@opentelemetry/core": "2.11.0",
        "@opentelemetry/otlp-transformer": "0.222.0"
      },
      "engines": {
        "node": "^18.19.0 || >=20.6.0"
      },
      "peerDependencies": {
        "@opentelemetry/api": "^1.3.0"
      }
    },
    "node_modules/@opentelemetry/otlp-transformer": {
      "version": "0.222.0",
      "resolved": "https://registry.npmjs.org/@opentelemetry/otlp-transformer/-/otlp-transformer-0.222.0.tgz",
      "integrity": "sha512-/F3BZ89+CJQnZkMh2tCrtcdB+XT2Dxhj4FFE+WPQ//413hmFL0/RfEX6vgOIWGhiSzrkHWTK3+6SiT7K5/g/jQ==",
      "license": "Apache-2.0",
      "dependencies": {
        "@opentelemetry/api-logs": "0.222.0",
        "@opentelemetry/core": "2.11.0",
        "@opentelemetry/resources": "2.11.0",
        "@opentelemetry/sdk-logs": "0.222.0",
        "@opentelemetry/sdk-metrics": "2.11.0",
        "@opentelemetry/sdk-trace": "2.11.0"
      },
      "engines": {
        "node": "^18.19.0 || >=20.6.0"
      },
      "peerDependencies": {
        "@opentelemetry/api": "^1.3.0"
      }
    },
    "node_modules/@opentelemetry/resources": {
      "version": "2.11.0",
      "resolved": "https://registry.npmjs.org/@opentelemetry/resources/-/resources-2.11.0.tgz",
      "integrity": "sha512-Ie7+8q8MDF4FAEQCKVMTx3ReUvxiIAgIiiW3c9JdmP8+HMcDy20puT+AHjexnExgnbvBxjQ9fjkFDWrikJ2jQA==",
      "license": "Apache-2.0",
      "dependencies": {
        "@opentelemetry/core": "2.11.0",
        "@opentelemetry/semantic-conventions": "^1.29.0"
      },
      "engines": {
        "node": "^18.19.0 || >=20.6.0"
      },
      "peerDependencies": {
        "@opentelemetry/api": ">=1.3.0 <1.10.0"
      }
    },
    "node_modules/@opentelemetry/sdk-logs": {
      "version": "0.222.0",
      "resolved": "https://registry.npmjs.org/@opentelemetry/sdk-logs/-/sdk-logs-0.222.0.tgz",
      "integrity": "sha512-+19YHODIjaUCArxleaJtuufFZVpz/xvvK+VllQqE+W8hHolxdoRwHfK/s667zezwh1hkx6FFF+oYzetYgqK+Bg==",
      "license": "Apache-2.0",
      "dependencies": {
        "@opentelemetry/api-logs": "0.222.0",
        "@opentelemetry/core": "2.11.0",
        "@opentelemetry/resources": "2.11.0",
        "@opentelemetry/semantic-conventions": "^1.29.0"
      },
      "engines": {
        "node": "^18.19.0 || >=20.6.0"
      },
      "peerDependencies": {
        "@opentelemetry/api": ">=1.4.0 <1.10.0"
      }
    },
    "node_modules/@opentelemetry/sdk-metrics": {
      "version": "2.11.0",
      "resolved": "https://registry.npmjs.org/@opentelemetry/sdk-metrics/-/sdk-metrics-2.11.0.tgz",
      "integrity": "sha512-7GXXcObyHyDUUSG+L+kJoquty01bzm7ivE7+SSgXXJcHuPzGviptxwARmI2c+bnnxjexGQbJnyNlN8HxBP/Y7A==",
      "license": "Apache-2.0",
      "dependencies": {
        "@opentelemetry/core": "2.11.0",
        "@opentelemetry/resources": "2.11.0"
      },
      "engines": {
        "node": "^18.19.0 || >=20.6.0"
      },
      "peerDependencies": {
        "@opentelemetry/api": ">=1.9.0 <1.10.0"
      }
    },
    "node_modules/@opentelemetry/sdk-trace": {
      "version": "2.11.0",
      "resolved": "https://registry.npmjs.org/@opentelemetry/sdk-trace/-/sdk-trace-2.11.0.tgz",
      "integrity": "sha512-fFnTqGm8/G73GQVnxYi7LXa1ZVYEUvgL6XI1LpvV0bPC7WQ/ZGgKxCSl8FnlZBKto9JHHEFTO6s6CUpvvtwFrA==",
      "license": "Apache-2.0",
      "dependencies": {
        "@opentelemetry/core": "2.11.0",
        "@opentelemetry/resources": "2.11.0",
        "@opentelemetry/semantic-conventions": "^1.29.0"
      },
      "engines": {
        "node": "^18.19.0 || >=20.6.0"
      },
      "peerDependencies": {
        "@opentelemetry/api": ">=1.3.0 <1.10.0"
      }
    },
    "node_modules/@opentelemetry/sdk-trace-base": {
      "version": "2.11.0",
      "resolved": "https://registry.npmjs.org/@opentelemetry/sdk-trace-base/-/sdk-trace-base-2.11.0.tgz",
      "integrity": "sha512-H19x/TX/LZdqiYOjM7fqtSxwlplC5pgelavqbQdHbhdq0q/AI/TGkM2dfGuuynTXmJPeF2HoZVoPDu+TGoW78A==",
      "license": "Apache-2.0",
      "dependencies": {
        "@opentelemetry/core": "2.11.0",
        "@opentelemetry/resources": "2.11.0",
        "@opentelemetry/sdk-trace": "2.11.0",
        "@opentelemetry/semantic-conventions": "^1.29.0"
      },
      "engines": {
        "node": "^18.19.0 || >=20.6.0"
      },
      "peerDependencies": {
        "@opentelemetry/api": ">=1.3.0 <1.10.0"
      }
    },
    "node_modules/@opentelemetry/sdk-trace-node": {
      "version": "2.11.0",
      "resolved": "https://registry.npmjs.org/@opentelemetry/sdk-trace-node/-/sdk-trace-node-2.11.0.tgz",
      "integrity": "sha512-CuvCMJmZxswhNLlM2LfuLOW3h3fZujA4hsG4B+Sz4dX2zvaXO8Ng74cnDHWD64gLszTlhiG3c0iNUjj4g+0/sA==",
      "license": "Apache-2.0",
      "dependencies": {
        "@opentelemetry/context-async-hooks": "2.11.0",
        "@opentelemetry/core": "2.11.0",
        "@opentelemetry/sdk-trace-base": "2.11.0"
      },
      "engines": {
        "node": "^18.19.0 || >=20.6.0"
      },
      "peerDependencies": {
        "@opentelemetry/api": ">=1.0.0 <1.10.0"
      }
    },
    "node_modules/@opentelemetry/semantic-conventions": {
      "version": "1.43.0",
      "resolved": "https://registry.npmjs.org/@opentelemetry/semantic-conventions/-/semantic-conventions-1.43.0.tgz",
      "integrity": "sha512-eSYWTm620tTk45EKSedaUL8MFYI8hW164hIXsgIHyxu3VobUB3fFCu5t0hQby6OoWRPsG1KkKUG2M5UadiLiVg==",
      "license": "Apache-2.0",
      "engines": {
        "node": ">=14"
      }
    },
    "node_modules/@redis/client": {
      "version": "6.2.1",
      "resolved": "https://registry.npmjs.org/@redis/client/-/client-6.2.1.tgz",
      "integrity": "sha512-LzxBY7SIBvvJiyCgcaJZZakE3fJrZZ++i24+EDW9fKpCl68D35uJcKFpZZwCfOoG9WZTbyZlMzMeM0gtOAMU9Q==",
      "license": "MIT",
      "dependencies": {
        "cluster-key-slot": "1.1.2"
      },
      "engines": {
        "node": ">= 20.0.0"
      },
      "peerDependencies": {
        "@node-rs/xxhash": "^1.1.0",
        "@opentelemetry/api": ">=1 <2"
      },
      "peerDependenciesMeta": {
        "@node-rs/xxhash": {
          "optional": true
        },
        "@opentelemetry/api": {
          "optional": true
        }
      }
    },
    "node_modules/@semaphile/core": {
      "version": "0.3.0",
      "resolved": "file:../../releases/candidates/redis-messaging/0.3.0/800c8c53b8548250da6bf4a684bf796f1e9e1a73/semaphile-core-0.3.0.tgz",
      "integrity": "sha512-iJgGtSX8h5tuhCkj0N6FQD5/rBJP7D0CI2W34v3hlnFpk72n9DolXjceQA6WN5YHD3fc6YqrFttSTqKqXEUj0w==",
      "license": "MIT",
      "engines": {
        "node": ">=22.18.0"
      }
    },
    "node_modules/@semaphile/messaging": {
      "version": "0.3.0",
      "resolved": "file:../../releases/candidates/redis-messaging/0.3.0/800c8c53b8548250da6bf4a684bf796f1e9e1a73/semaphile-messaging-0.3.0.tgz",
      "integrity": "sha512-qOXchfSTIztEydX5eNQLXgkQ7YoG6RUEb1pFWir9FlMQ+KuZ/TnieVnsoUUlJzW1ltztQcKLh/P4lX3Ub7CEbA==",
      "license": "MIT",
      "bin": {
        "semaphile": "dist/src/cli.js"
      },
      "engines": {
        "node": ">=22.18.0"
      },
      "peerDependencies": {
        "@semaphile/core": "0.3.0",
        "@semaphile/otel": "0.3.0",
        "@semaphile/redis": "0.3.0"
      },
      "peerDependenciesMeta": {
        "@semaphile/core": {
          "optional": true
        },
        "@semaphile/otel": {
          "optional": true
        },
        "@semaphile/redis": {
          "optional": true
        }
      }
    },
    "node_modules/@semaphile/otel": {
      "version": "0.3.0",
      "resolved": "file:../../releases/candidates/redis-messaging/0.3.0/800c8c53b8548250da6bf4a684bf796f1e9e1a73/semaphile-otel-0.3.0.tgz",
      "integrity": "sha512-OfyOQeiA0pRvZoentMUjRu7zinnhV+G6H1qWv7oG1keljQFjEQrNmbqDwsSRDXc28y6rMbm0dyPL1YOYVP7SHg==",
      "license": "MIT",
      "dependencies": {
        "@opentelemetry/core": "2.11.0",
        "@opentelemetry/exporter-metrics-otlp-proto": "0.222.0",
        "@opentelemetry/exporter-trace-otlp-proto": "0.222.0",
        "@opentelemetry/resources": "2.11.0",
        "@opentelemetry/sdk-metrics": "2.11.0",
        "@opentelemetry/sdk-trace-node": "2.11.0"
      },
      "engines": {
        "node": ">=22.18.0"
      },
      "peerDependencies": {
        "@opentelemetry/api": "^1.9.0",
        "@semaphile/core": "0.3.0",
        "@semaphile/redis": "0.3.0"
      },
      "peerDependenciesMeta": {
        "@semaphile/core": {
          "optional": true
        },
        "@semaphile/redis": {
          "optional": true
        }
      }
    },
    "node_modules/@semaphile/redis": {
      "version": "0.3.0",
      "resolved": "file:../../releases/candidates/redis-messaging/0.3.0/800c8c53b8548250da6bf4a684bf796f1e9e1a73/semaphile-redis-0.3.0.tgz",
      "integrity": "sha512-yExQsU65dQHjUoKUY9NkdWsCJ6yEfP5OPEaIkHkuePO9yf4PBvuM/wrzmApMM4roAxK/r7BsB/n7jJuC3+MkkQ==",
      "license": "MIT",
      "dependencies": {
        "@redis/client": "6.2.1"
      },
      "engines": {
        "node": ">=22.18.0"
      },
      "peerDependencies": {
        "@semaphile/core": "0.3.0",
        "@semaphile/messaging": "0.3.0"
      },
      "peerDependenciesMeta": {
        "@semaphile/core": {
          "optional": true
        },
        "@semaphile/messaging": {
          "optional": true
        }
      }
    },
    "node_modules/cluster-key-slot": {
      "version": "1.1.2",
      "resolved": "https://registry.npmjs.org/cluster-key-slot/-/cluster-key-slot-1.1.2.tgz",
      "integrity": "sha512-RMr0FhtfXemyinomL4hrWcYJxmX6deFdCxpJzhDttxgO1+bcCnkk+9drydLVDmAMG7NE6aN/fl4F7ucU/90gAA==",
      "license": "Apache-2.0",
      "engines": {
        "node": ">=0.10.0"
      }
    }
  }
}
